
Microsoft Visual Studio Solution File, Format Version 12.00
# Visual Studio Version 17
VisualStudioVersion = 17.14.37111.16
MinimumVisualStudioVersion = 10.0.40219.1
Project("{2150E333-8FDC-42A3-9474-1A3956D46DE8}") = "Application", "Application", "{02EA681E-C7D8-13C7-8484-4AC65E1B71E8}"
EndProject
Project("{2150E333-8FDC-42A3-9474-1A3956D46DE8}") = "Microservices", "Microservices", "{C612B7CE-5482-4C62-A180-5CB7E4095857}"
EndProject
Project("{2150E333-8FDC-42A3-9474-1A3956D46DE8}") = "SharedKernel", "SharedKernel", "{746390A2-A298-44C3-8890-CE621760B0D4}"
EndProject
Project("{2150E333-8FDC-42A3-9474-1A3956D46DE8}") = "UnitTesting", "UnitTesting", "{8BD7EA0D-D9C4-491C-B3EB-9F5F7CCF446A}"
EndProject
Project("{FAE04EC0-301F-11D3-BF4B-00C04F79EFBC}") = "G3CustomerAPI", "G3CustomerAPI\G3CustomerAPI.csproj", "{474F3F20-BFB7-48E1-ACD4-550818D07B16}"
EndProject
Project("{2150E333-8FDC-42A3-9474-1A3956D46DE8}") = "Integration_Tests", "Integration_Tests", "{DD4F9C93-3E0F-4DAB-BA0C-703F495916F7}"
EndProject
Project("{FAE04EC0-301F-11D3-BF4B-00C04F79EFBC}") = "G3_CarRentalApplication.MVC", "G3_CarRentalApplication.MVC\G3_CarRentalApplication.MVC.csproj", "{36374C9E-DD95-4C96-B38F-306AE544F6A3}"
EndProject
Project("{FAE04EC0-301F-11D3-BF4B-00C04F79EFBC}") = "G3MaintenanceAPI", "G3MaintenanceAPI\G3MaintenanceAPI.csproj", "{D7571710-9410-48F3-A244-BB1A49C2361E}"
EndProject
Project("{FAE04EC0-301F-11D3-BF4B-00C04F79EFBC}") = "G3ReservationAPI", "G3ReservationAPI\G3ReservationAPI.csproj", "{CA9444A5-390E-4855-ACE0-EEAFEC2031B9}"
EndProject
Project("{2150E333-8FDC-42A3-9474-1A3956D46DE8}") = "G3InventoryAPI", "G3InventoryAPI", "{F1A6F59F-3840-4137-9E2D-94273D4FC979}"
EndProject
Project("{FAE04EC0-301F-11D3-BF4B-00C04F79EFBC}") = "G3VehicleInventory.Application", "G3VehicleInventory.Application\G3VehicleInventory.Application.csproj", "{41DC0E57-461B-4978-9EC2-4731124D9CAA}"
EndProject
Project("{FAE04EC0-301F-11D3-BF4B-00C04F79EFBC}") = "G3VehicleInventory.Infrastructure", "G3VehicleInventory.Infrastructure\G3VehicleInventory.Infrastructure.csproj", "{E5B4FA3C-B596-4C3D-9214-FC810F93E07B}"
EndProject
Project("{FAE04EC0-301F-11D3-BF4B-00C04F79EFBC}") = "G3VehicleInventory.Domain", "G3VehicleInventory.Domain\G3VehicleInventory.Domain.csproj", "{E92AB101-8385-4E81-84E5-1471795D67E3}"
EndProject
Project("{FAE04EC0-301F-11D3-BF4B-00C04F79EFBC}") = "G3VehicleInventory.WebAPI", "G3VehicleInventory.WebAPI\G3VehicleInventory.WebAPI.csproj", "{768970C7-C197-4EDF-9140-22CCB9961EF5}"
EndProject
Project("{2150E333-8FDC-42A3-9474-1A3956D46DE8}") = "APIGateway", "APIGateway", "{67D91989-3F00-4C83-97F7-9115BF4ED326}"
EndProject
Project("{FAE04EC0-301F-11D3-BF4B-00C04F79EFBC}") = "G3_CarRentalApplication.Gateway", "G3_CarRentalApplication.Gateway\G3_CarRentalApplication.Gateway.csproj", "{6704EC07-1591-453D-B141-C3234C3D4460}"
EndProject
Project("{FAE04EC0-301F-11D3-BF4B-00C04F79EFBC}") = "G3VehicleInventory.UnitTests", "G3VehicleInventory.UnitTests\G3VehicleInventory.UnitTests.csproj", "{1A50C517-2BDA-4898-B474-734436D1270F}"
EndProject
Project("{FAE04EC0-301F-11D3-BF4B-00C04F79EFBC}") = "G3VehicleInventory.IntegrationTests", "G3VehicleInventory.IntegrationTests\G3VehicleInventory.IntegrationTests.csproj", "{511D1A9C-5FA9-41D9-A42C-2B7C03EB3E7F}"
EndProject
Project("{FAE04EC0-301F-11D3-BF4B-00C04F79EFBC}") = "G3SharedKernel", "G3SharedKernel\G3SharedKernel.csproj", "{A04D3252-3458-E416-4CD1-41B27C6955DF}"
EndProject
Project("{E53339B2-1760-4266-BCC7-CA923CBCF16C}") = "docker-compose", "docker-compose.dcproj", "{81DDED9D-158B-E303-5F62-77A2896D2A5A}"
EndProject
Global
	GlobalSection(SolutionConfigurationPlatforms) = preSolution
		Debug|Any CPU = Debug|Any CPU
		Release|Any CPU = Release|Any CPU
	EndGlobalSection
	GlobalSection(ProjectConfigurationPlatforms) = postSolution
		{474F3F20-BFB7-48E1-ACD4-550818D07B16}.Debug|Any CPU.ActiveCfg = Debug|Any CPU
		{474F3F20-BFB7-48E1-ACD4-550818D07B16}.Debug|Any CPU.Build.0 = Debug|Any CPU
		{474F3F20-BFB7-48E1-ACD4-550818D07B16}.Release|Any CPU.ActiveCfg = Release|Any CPU
		{474F3F20-BFB7-48E1-ACD4-550818D07B16}.Release|Any CPU.Build.0 = Release|Any CPU
		{36374C9E-DD95-4C96-B38F-306AE544F6A3}.Debug|Any CPU.ActiveCfg = Debug|Any CPU
		{36374C9E-DD95-4C96-B38F-306AE544F6A3}.Debug|Any CPU.Build.0 = Debug|Any CPU
		{36374C9E-DD95-4C96-B38F-306AE544F6A3}.Release|Any CPU.ActiveCfg = Release|Any CPU
		{36374C9E-DD95-4C96-B38F-306AE544F6A3}.Release|Any CPU.Build.0 = Release|Any CPU
		{D7571710-9410-48F3-A244-BB1A49C2361E}.Debug|Any CPU.ActiveCfg = Debug|Any CPU
		{D7571710-9410-48F3-A244-BB1A49C2361E}.Debug|Any CPU.Build.0 = Debug|Any CPU
		{D7571710-9410-48F3-A244-BB1A49C2361E}.Release|Any CPU.ActiveCfg = Release|Any CPU
		{D7571710-9410-48F3-A244-BB1A49C2361E}.Release|Any CPU.Build.0 = Release|Any CPU
		{CA9444A5-390E-4855-ACE0-EEAFEC2031B9}.Debug|Any CPU.ActiveCfg = Debug|Any CPU
		{CA9444A5-390E-4855-ACE0-EEAFEC2031B9}.Debug|Any CPU.Build.0 = Debug|Any CPU
		{CA9444A5-390E-4855-ACE0-EEAFEC2031B9}.Release|Any CPU.ActiveCfg = Release|Any CPU
		{CA9444A5-390E-4855-ACE0-EEAFEC2031B9}.Release|Any CPU.Build.0 = Release|Any CPU
		{41DC0E57-461B-4978-9EC2-4731124D9CAA}.Debug|Any CPU.ActiveCfg = Debug|Any CPU
		{41DC0E57-461B-4978-9EC2-4731124D9CAA}.Debug|Any CPU.Build.0 = Debug|Any CPU
		{41DC0E57-461B-4978-9EC2-4731124D9CAA}.Release|Any CPU.ActiveCfg = Release|Any CPU
		{41DC0E57-461B-4978-9EC2-4731124D9CAA}.Release|Any CPU.Build.0 = Release|Any CPU
		{E5B4FA3C-B596-4C3D-9214-FC810F93E07B}.Debug|Any CPU.ActiveCfg = Debug|Any CPU
		{E5B4FA3C-B596-4C3D-9214-FC810F93E07B}.Debug|Any CPU.Build.0 = Debug|Any CPU
		{E5B4FA3C-B596-4C3D-9214-FC810F93E07B}.Release|Any CPU.ActiveCfg = Release|Any CPU
		{E5B4FA3C-B596-4C3D-9214-FC810F93E07B}.Release|Any CPU.Build.0 = Release|Any CPU
		{E92AB101-8385-4E81-84E5-1471795D67E3}.Debug|Any CPU.ActiveCfg = Debug|Any CPU
		{E92AB101-8385-4E81-84E5-1471795D67E3}.Debug|Any CPU.Build.0 = Debug|Any CPU
		{E92AB101-8385-4E81-84E5-1471795D67E3}.Release|Any CPU.ActiveCfg = Release|Any CPU
		{E92AB101-8385-4E81-84E5-1471795D67E3}.Release|Any CPU.Build.0 = Release|Any CPU
		{768970C7-C197-4EDF-9140-22CCB9961EF5}.Debug|Any CPU.ActiveCfg = Debug|Any CPU
		{768970C7-C197-4EDF-9140-22CCB9961EF5}.Debug|Any CPU.Build.0 = Debug|Any CPU
		{768970C7-C197-4EDF-9140-22CCB9961EF5}.Release|Any CPU.ActiveCfg = Release|Any CPU
		{768970C7-C197-4EDF-9140-22CCB9961EF5}.Release|Any CPU.Build.0 = Release|Any CPU
		{6704EC07-1591-453D-B141-C3234C3D4460}.Debug|Any CPU.ActiveCfg = Debug|Any CPU
		{6704EC07-1591-453D-B141-C3234C3D4460}.Debug|Any CPU.Build.0 = Debug|Any CPU
		{6704EC07-1591-453D-B141-C3234C3D4460}.Release|Any CPU.ActiveCfg = Release|Any CPU
		{6704EC07-1591-453D-B141-C3234C3D4460}.Release|Any CPU.Build.0 = Release|Any CPU
		{1A50C517-2BDA-4898-B474-734436D1270F}.Debug|Any CPU.ActiveCfg = Debug|Any CPU
		{1A50C517-2BDA-4898-B474-734436D1270F}.Debug|Any CPU.Build.0 = Debug|Any CPU
		{1A50C517-2BDA-4898-B474-734436D1270F}.Release|Any CPU.ActiveCfg = Release|Any CPU
		{1A50C517-2BDA-4898-B474-734436D1270F}.Release|Any CPU.Build.0 = Release|Any CPU
		{511D1A9C-5FA9-41D9-A42C-2B7C03EB3E7F}.Debug|Any CPU.ActiveCfg = Debug|Any CPU
		{511D1A9C-5FA9-41D9-A42C-2B7C03EB3E7F}.Debug|Any CPU.Build.0 = Debug|Any CPU
		{511D1A9C-5FA9-41D9-A42C-2B7C03EB3E7F}.Release|Any CPU.ActiveCfg = Release|Any CPU
		{511D1A9C-5FA9-41D9-A42C-2B7C03EB3E7F}.Release|Any CPU.Build.0 = Release|Any CPU
		{A04D3252-3458-E416-4CD1-41B27C6955DF}.Debug|Any CPU.ActiveCfg = Debug|Any CPU
		{A04D3252-3458-E416-4CD1-41B27C6955DF}.Debug|Any CPU.Build.0 = Debug|Any CPU
		{A04D3252-3458-E416-4CD1-41B27C6955DF}.Release|Any CPU.ActiveCfg = Release|Any CPU
		{A04D3252-3458-E416-4CD1-41B27C6955DF}.Release|Any CPU.Build.0 = Release|Any CPU
		{81DDED9D-158B-E303-5F62-77A2896D2A5A}.Debug|Any CPU.ActiveCfg = Debug|Any CPU
		{81DDED9D-158B-E303-5F62-77A2896D2A5A}.Debug|Any CPU.Build.0 = Debug|Any CPU
		{81DDED9D-158B-E303-5F62-77A2896D2A5A}.Release|Any CPU.ActiveCfg = Release|Any CPU
		{81DDED9D-158B-E303-5F62-77A2896D2A5A}.Release|Any CPU.Build.0 = Release|Any CPU
	EndGlobalSection
	GlobalSection(SolutionProperties) = preSolution
		HideSolutionNode = FALSE
	EndGlobalSection
	GlobalSection(NestedProjects) = preSolution
		{474F3F20-BFB7-48E1-ACD4-550818D07B16} = {C612B7CE-5482-4C62-A180-5CB7E4095857}
		{36374C9E-DD95-4C96-B38F-306AE544F6A3} = {02EA681E-C7D8-13C7-8484-4AC65E1B71E8}
		{D7571710-9410-48F3-A244-BB1A49C2361E} = {C612B7CE-5482-4C62-A180-5CB7E4095857}
		{CA9444A5-390E-4855-ACE0-EEAFEC2031B9} = {C612B7CE-5482-4C62-A180-5CB7E4095857}
		{F1A6F59F-3840-4137-9E2D-94273D4FC979} = {C612B7CE-5482-4C62-A180-5CB7E4095857}
		{41DC0E57-461B-4978-9EC2-4731124D9CAA} = {F1A6F59F-3840-4137-9E2D-94273D4FC979}
		{E5B4FA3C-B596-4C3D-9214-FC810F93E07B} = {F1A6F59F-3840-4137-9E2D-94273D4FC979}
		{E92AB101-8385-4E81-84E5-1471795D67E3} = {F1A6F59F-3840-4137-9E2D-94273D4FC979}
		{768970C7-C197-4EDF-9140-22CCB9961EF5} = {F1A6F59F-3840-4137-9E2D-94273D4FC979}
		{6704EC07-1591-453D-B141-C3234C3D4460} = {67D91989-3F00-4C83-97F7-9115BF4ED326}
		{1A50C517-2BDA-4898-B474-734436D1270F} = {8BD7EA0D-D9C4-491C-B3EB-9F5F7CCF446A}
		{511D1A9C-5FA9-41D9-A42C-2B7C03EB3E7F} = {DD4F9C93-3E0F-4DAB-BA0C-703F495916F7}
		{A04D3252-3458-E416-4CD1-41B27C6955DF} = {746390A2-A298-44C3-8890-CE621760B0D4}
	EndGlobalSection
	GlobalSection(ExtensibilityGlobals) = postSolution
		SolutionGuid = {35726A6E-DB0D-42BA-8077-8DAB2F94D6D2}
	EndGlobalSection
EndGlobal
